// !$*UTF8*$!
{
	archiveVersion = 1;
	classes = {
	};
	objectVersion = 46;
	objects = {

/* Begin PBXBuildFile section */
		2071F4FF1E7AEE3800E2CE4F /* AppDelegate.swift in Sources */ = {isa = PBXBuildFile; fileRef = 2071F4FE1E7AEE3800E2CE4F /* AppDelegate.swift */; };
		2071F5011E7AEE3800E2CE4F /* ViewController.swift in Sources */ = {isa = PBXBuildFile; fileRef = 2071F5001E7AEE3800E2CE4F /* ViewController.swift */; };
		2071F5041E7AEE3800E2CE4F /* Main.storyboard in Resources */ = {isa = PBXBuildFile; fileRef = 2071F5021E7AEE3800E2CE4F /* Main.storyboard */; };
		2071F5071E7AEE3800E2CE4F /* TravelMinion.xcdatamodeld in Sources */ = {isa = PBXBuildFile; fileRef = 2071F5051E7AEE3800E2CE4F /* TravelMinion.xcdatamodeld */; };
		2071F5091E7AEE3800E2CE4F /* Assets.xcassets in Resources */ = {isa = PBXBuildFile; fileRef = 2071F5081E7AEE3800E2CE4F /* Assets.xcassets */; };
		2071F50C1E7AEE3800E2CE4F /* LaunchScreen.storyboard in Resources */ = {isa = PBXBuildFile; fileRef = 2071F50A1E7AEE3800E2CE4F /* LaunchScreen.storyboard */; };
		2071F5171E7AEE3800E2CE4F /* TravelMinionTests.swift in Sources */ = {isa = PBXBuildFile; fileRef = 2071F5161E7AEE3800E2CE4F /* TravelMinionTests.swift */; };
		2071F5221E7AEE3800E2CE4F /* TravelMinionUITests.swift in Sources */ = {isa = PBXBuildFile; fileRef = 2071F5211E7AEE3800E2CE4F /* TravelMinionUITests.swift */; };
/* End PBXBuildFile section */

/* Begin PBXContainerItemProxy section */
		2071F5131E7AEE3800E2CE4F /* PBXContainerItemProxy */ = {
			isa = PBXContainerItemProxy;
			containerPortal = 2071F4F31E7AEE3800E2CE4F /* Project object */;
			proxyType = 1;
			remoteGlobalIDString = 2071F4FA1E7AEE3800E2CE4F;
			remoteInfo = TravelMinion;
		};
		2071F51E1E7AEE3800E2CE4F /* PBXContainerItemProxy */ = {
			isa = PBXContainerItemProxy;
			containerPortal = 2071F4F31E7AEE3800E2CE4F /* Project object */;
			proxyType = 1;
			remoteGlobalIDString = 2071F4FA1E7AEE3800E2CE4F;
			remoteInfo = TravelMinion;
		};
/* End PBXContainerItemProxy section */

/* Begin PBXFileReference section */
		2071F4FB1E7AEE3800E2CE4F /* TravelMinion.app */ = {isa = PBXFileReference; explicitFileType = wrapper.application; includeInIndex = 0; path = TravelMinion.app; sourceTree = BUILT_PRODUCTS_DIR; };
		2071F4FE1E7AEE3800E2CE4F /* AppDelegate.swift */ = {isa = PBXFileReference; lastKnownFileType = sourcecode.swift; path = AppDelegate.swift; sourceTree = "<group>"; };
		2071F5001E7AEE3800E2CE4F /* ViewController.swift */ = {isa = PBXFileReference; lastKnownFileType = sourcecode.swift; path = ViewController.swift; sourceTree = "<group>"; };
		2071F5031E7AEE3800E2CE4F /* Base */ = {isa = PBXFileReference; lastKnownFileType = file.storyboard; name = Base; path = Base.lproj/Main.storyboard; sourceTree = "<group>"; };
		2071F5061E7AEE3800E2CE4F /* TravelMinion.xcdatamodel */ = {isa = PBXFileReference; lastKnownFileType = wrapper.xcdatamodel; path = TravelMinion.xcdatamodel; sourceTree = "<group>"; };
		2071F5081E7AEE3800E2CE4F /* Assets.xcassets */ = {isa = PBXFileReference; lastKnownFileType = folder.assetcatalog; path = Assets.xcassets; sourceTree = "<group>"; };
		2071F50B1E7AEE3800E2CE4F /* Base */ = {isa = PBXFileReference; lastKnownFileType = file.storyboard; name = Base; path = Base.lproj/LaunchScreen.storyboard; sourceTree = "<group>"; };
		2071F50D1E7AEE3800E2CE4F /* Info.plist */ = {isa = PBXFileReference; lastKnownFileType = text.plist.xml; path = Info.plist; sourceTree = "<group>"; };
		2071F5121E7AEE3800E2CE4F /* TravelMinionTests.xctest */ = {isa = PBXFileReference; explicitFileType = wrapper.cfbundle; includeInIndex = 0; path = TravelMinionTests.xctest; sourceTree = BUILT_PRODUCTS_DIR; };
		2071F5161E7AEE3800E2CE4F /* TravelMinionTests.swift */ = {isa = PBXFileReference; lastKnownFileType = sourcecode.swift; path = TravelMinionTests.swift; sourceTree = "<group>"; };
		2071F5181E7AEE3800E2CE4F /* Info.plist */ = {isa = PBXFileReference; lastKnownFileType = text.plist.xml; path = Info.plist; sourceTree = "<group>"; };
		2071F51D1E7AEE3800E2CE4F /* TravelMinionUITests.xctest */ = {isa = PBXFileReference; explicitFileType = wrapper.cfbundle; includeInIndex = 0; path = TravelMinionUITests.xctest; sourceTree = BUILT_PRODUCTS_DIR; };
		2071F5211E7AEE3800E2CE4F /* TravelMinionUITests.swift */ = {isa = PBXFileReference; lastKnownFileType = sourcecode.swift; path = TravelMinionUITests.swift; sourceTree = "<group>"; };
		2071F5231E7AEE3800E2CE4F /* Info.plist */ = {isa = PBXFileReference; lastKnownFileType = text.plist.xml; path = Info.plist; sourceTree = "<group>"; };
/* End PBXFileReference section */

/* Begin PBXFrameworksBuildPhase section */
		2071F4F81E7AEE3800E2CE4F /* Frameworks */ = {
			isa = PBXFrameworksBuildPhase;
			buildActionMask = 2147483647;
			files = (
			);
			runOnlyForDeploymentPostprocessing = 0;
		};
		2071F50F1E7AEE3800E2CE4F /* Frameworks */ = {
			isa = PBXFrameworksBuildPhase;
			buildActionMask = 2147483647;
			files = (
			);
			runOnlyForDeploymentPostprocessing = 0;
		};
		2071F51A1E7AEE3800E2CE4F /* Frameworks */ = {
			isa = PBXFrameworksBuildPhase;
			buildActionMask = 2147483647;
			files = (
			);
			runOnlyForDeploymentPostprocessing = 0;
		};
/* End PBXFrameworksBuildPhase section */

/* Begin PBXGroup section */
		2071F4F21E7AEE3800E2CE4F = {
			isa = PBXGroup;
			children = (
				2071F4FD1E7AEE3800E2CE4F /* TravelMinion */,
				2071F5151E7AEE3800E2CE4F /* TravelMinionTests */,
				2071F5201E7AEE3800E2CE4F /* TravelMinionUITests */,
				2071F4FC1E7AEE3800E2CE4F /* Products */,
			);
			sourceTree = "<group>";
		};
		2071F4FC1E7AEE3800E2CE4F /* Products */ = {
			isa = PBXGroup;
			children = (
				2071F4FB1E7AEE3800E2CE4F /* TravelMinion.app */,
				2071F5121E7AEE3800E2CE4F /* TravelMinionTests.xctest */,
				2071F51D1E7AEE3800E2CE4F /* TravelMinionUITests.xctest */,
			);
			name = Products;
			sourceTree = "<group>";
		};
		2071F4FD1E7AEE3800E2CE4F /* TravelMinion */ = {
			isa = PBXGroup;
			children = (
				2071F4FE1E7AEE3800E2CE4F /* AppDelegate.swift */,
				2071F5001E7AEE3800E2CE4F /* ViewController.swift */,
				2071F5021E7AEE3800E2CE4F /* Main.storyboard */,
				2071F5081E7AEE3800E2CE4F /* Assets.xcassets */,
				2071F50A1E7AEE3800E2CE4F /* LaunchScreen.storyboard */,
				2071F50D1E7AEE3800E2CE4F /* Info.plist */,
				2071F5051E7AEE3800E2CE4F /* TravelMinion.xcdatamodeld */,
			);
			path = TravelMinion;
			sourceTree = "<group>";
		};
		2071F5151E7AEE3800E2CE4F /* TravelMinionTests */ = {
			isa = PBXGroup;
			children = (
				2071F5161E7AEE3800E2CE4F /* TravelMinionTests.swift */,
				2071F5181E7AEE3800E2CE4F /* Info.plist */,
			);
			path = TravelMinionTests;
			sourceTree = "<group>";
		};
		2071F5201E7AEE3800E2CE4F /* TravelMinionUITests */ = {
			isa = PBXGroup;
			children = (
				2071F5211E7AEE3800E2CE4F /* TravelMinionUITests.swift */,
				2071F5231E7AEE3800E2CE4F /* Info.plist */,
			);
			path = TravelMinionUITests;
			sourceTree = "<group>";
		};
/* End PBXGroup section */

/* Begin PBXNativeTarget section */
		2071F4FA1E7AEE3800E2CE4F /* TravelMinion */ = {
			isa = PBXNativeTarget;
			buildConfigurationList = 2071F5261E7AEE3800E2CE4F /* Build configuration list for PBXNativeTarget "TravelMinion" */;
			buildPhases = (
				2071F4F71E7AEE3800E2CE4F /* Sources */,
				2071F4F81E7AEE3800E2CE4F /* Frameworks */,
				2071F4F91E7AEE3800E2CE4F /* Resources */,
			);
			buildRules = (
			);
			dependencies = (
			);
			name = TravelMinion;
			productName = TravelMinion;
			productReference = 2071F4FB1E7AEE3800E2CE4F /* TravelMinion.app */;
			productType = "com.apple.product-type.application";
		};
		2071F5111E7AEE3800E2CE4F /* TravelMinionTests */ = {
			isa = PBXNativeTarget;
			buildConfigurationList = 2071F5291E7AEE3800E2CE4F /* Build configuration list for PBXNativeTarget "TravelMinionTests" */;
			buildPhases = (
				2071F50E1E7AEE3800E2CE4F /* Sources */,
				2071F50F1E7AEE3800E2CE4F /* Frameworks */,
				2071F5101E7AEE3800E2CE4F /* Resources */,
			);
			buildRules = (
			);
			dependencies = (
				2071F5141E7AEE3800E2CE4F /* PBXTargetDependency */,
			);
			name = TravelMinionTests;
			productName = TravelMinionTests;
			productReference = 2071F5121E7AEE3800E2CE4F /* TravelMinionTests.xctest */;
			productType = "com.apple.product-type.bundle.unit-test";
		};
		2071F51C1E7AEE3800E2CE4F /* TravelMinionUITests */ = {
			isa = PBXNativeTarget;
			buildConfigurationList = 2071F52C1E7AEE3800E2CE4F /* Build configuration list for PBXNativeTarget "TravelMinionUITests" */;
			buildPhases = (
				2071F5191E7AEE3800E2CE4F /* Sources */,
				2071F51A1E7AEE3800E2CE4F /* Frameworks */,
				2071F51B1E7AEE3800E2CE4F /* Resources */,
			);
			buildRules = (
			);
			dependencies = (
				2071F51F1E7AEE3800E2CE4F /* PBXTargetDependency */,
			);
			name = TravelMinionUITests;
			productName = TravelMinionUITests;
			productReference = 2071F51D1E7AEE3800E2CE4F /* TravelMinionUITests.xctest */;
			productType = "com.apple.product-type.bundle.ui-testing";
		};
/* End PBXNativeTarget section */

/* Begin PBXProject section */
		2071F4F31E7AEE3800E2CE4F /* Project object */ = {
			isa = PBXProject;
			attributes = {
				LastSwiftUpdateCheck = 0820;
				LastUpgradeCheck = 0820;
				ORGANIZATIONNAME = "Vinoth Ramiah";
				TargetAttributes = {
					2071F4FA1E7AEE3800E2CE4F = {
						CreatedOnToolsVersion = 8.2.1;
						ProvisioningStyle = Automatic;
					};
					2071F5111E7AEE3800E2CE4F = {
						CreatedOnToolsVersion = 8.2.1;
						ProvisioningStyle = Automatic;
						TestTargetID = 2071F4FA1E7AEE3800E2CE4F;
					};
					2071F51C1E7AEE3800E2CE4F = {
						CreatedOnToolsVersion = 8.2.1;
						ProvisioningStyle = Automatic;
						TestTargetID = 2071F4FA1E7AEE3800E2CE4F;
					};
				};
			};
			buildConfigurationList = 2071F4F61E7AEE3800E2CE4F /* Build configuration list for PBXProject "TravelMinion" */;
			compatibilityVersion = "Xcode 3.2";
			developmentRegion = English;
			hasScannedForEncodings = 0;
			knownRegions = (
				en,
				Base,
			);
			mainGroup = 2071F4F21E7AEE3800E2CE4F;
			productRefGroup = 2071F4FC1E7AEE3800E2CE4F /* Products */;
			projectDirPath = "";
			projectRoot = "";
			targets = (
				2071F4FA1E7AEE3800E2CE4F /* TravelMinion */,
				2071F5111E7AEE3800E2CE4F /* TravelMinionTests */,
				2071F51C1E7AEE3800E2CE4F /* TravelMinionUITests */,
			);
		};
/* End PBXProject section */

/* Begin PBXResourcesBuildPhase section */
		2071F4F91E7AEE3800E2CE4F /* Resources */ = {
			isa = PBXResourcesBuildPhase;
			buildActionMask = 2147483647;
			files = (
				2071F50C1E7AEE3800E2CE4F /* LaunchScreen.storyboard in Resources */,
				2071F5091E7AEE3800E2CE4F /* Assets.xcassets in Resources */,
				2071F5041E7AEE3800E2CE4F /* Main.storyboard in Resources */,
			);
			runOnlyForDeploymentPostprocessing = 0;
		};
		2071F5101E7AEE3800E2CE4F /* Resources */ = {
			isa = PBXResourcesBuildPhase;
			buildActionMask = 2147483647;
			files = (
			);
			runOnlyForDeploymentPostprocessing = 0;
		};
		2071F51B1E7AEE3800E2CE4F /* Resources */ = {
			isa = PBXResourcesBuildPhase;
			buildActionMask = 2147483647;
			files = (
			);
			runOnlyForDeploymentPostprocessing = 0;
		};
/* End PBXResourcesBuildPhase section */

/* Begin PBXSourcesBuildPhase section */
		2071F4F71E7AEE3800E2CE4F /* Sources */ = {
			isa = PBXSourcesBuildPhase;
			buildActionMask = 2147483647;
			files = (
				2071F5011E7AEE3800E2CE4F /* ViewController.swift in Sources */,
				2071F5071E7AEE3800E2CE4F /* TravelMinion.xcdatamodeld in Sources */,
				2071F4FF1E7AEE3800E2CE4F /* AppDelegate.swift in Sources */,
			);
			runOnlyForDeploymentPostprocessing = 0;
		};
		2071F50E1E7AEE3800E2CE4F /* Sources */ = {
			isa = PBXSourcesBuildPhase;
			buildActionMask = 2147483647;
			files = (
				2071F5171E7AEE3800E2CE4F /* TravelMinionTests.swift in Sources */,
			);
			runOnlyForDeploymentPostprocessing = 0;
		};
		2071F5191E7AEE3800E2CE4F /* Sources */ = {
			isa = PBXSourcesBuildPhase;
			buildActionMask = 2147483647;
			files = (
				2071F5221E7AEE3800E2CE4F /* TravelMinionUITests.swift in Sources */,
			);
			runOnlyForDeploymentPostprocessing = 0;
		};
/* End PBXSourcesBuildPhase section */

/* Begin PBXTargetDependency section */
		2071F5141E7AEE3800E2CE4F /* PBXTargetDependency */ = {
			isa = PBXTargetDependency;
			target = 2071F4FA1E7AEE3800E2CE4F /* TravelMinion */;
			targetProxy = 2071F5131E7AEE3800E2CE4F /* PBXContainerItemProxy */;
		};
		2071F51F1E7AEE3800E2CE4F /* PBXTargetDependency */ = {
			isa = PBXTargetDependency;
			target = 2071F4FA1E7AEE3800E2CE4F /* TravelMinion */;
			targetProxy = 2071F51E1E7AEE3800E2CE4F /* PBXContainerItemProxy */;
		};
/* End PBXTargetDependency section */

/* Begin PBXVariantGroup section */
		2071F5021E7AEE3800E2CE4F /* Main.storyboard */ = {
			isa = PBXVariantGroup;
			children = (
				2071F5031E7AEE3800E2CE4F /* Base */,
			);
			name = Main.storyboard;
			sourceTree = "<group>";
		};
		2071F50A1E7AEE3800E2CE4F /* LaunchScreen.storyboard */ = {
			isa = PBXVariantGroup;
			children = (
				2071F50B1E7AEE3800E2CE4F /* Base */,
			);
			name = LaunchScreen.storyboard;
			sourceTree = "<group>";
		};
/* End PBXVariantGroup section */

/* Begin XCBuildConfiguration section */
		2071F5241E7AEE3800E2CE4F /* Debug */ = {
			isa = XCBuildConfiguration;
			buildSettings = {
				ALWAYS_SEARCH_USER_PATHS = NO;
				CLANG_ANALYZER_NONNULL = YES;
				CLANG_CXX_LANGUAGE_STANDARD = "gnu++0x";
				CLANG_CXX_LIBRARY = "libc++";
				CLANG_ENABLE_MODULES = YES;
				CLANG_ENABLE_OBJC_ARC = YES;
				CLANG_WARN_BOOL_CONVERSION = YES;
				CLANG_WARN_CONSTANT_CONVERSION = YES;
				CLANG_WARN_DIRECT_OBJC_ISA_USAGE = YES_ERROR;
				CLANG_WARN_DOCUMENTATION_COMMENTS = YES;
				CLANG_WARN_EMPTY_BODY = YES;
				CLANG_WARN_ENUM_CONVERSION = YES;
				CLANG_WARN_INFINITE_RECURSION = YES;
				CLANG_WARN_INT_CONVERSION = YES;
				CLANG_WARN_OBJC_ROOT_CLASS = YES_ERROR;
				CLANG_WARN_SUSPICIOUS_MOVE = YES;
				CLANG_WARN_UNREACHABLE_CODE = YES;
				CLANG_WARN__DUPLICATE_METHOD_MATCH = YES;
				"CODE_SIGN_IDENTITY[sdk=iphoneos*]" = "iPhone Developer";
				COPY_PHASE_STRIP = NO;
				DEBUG_INFORMATION_FORMAT = dwarf;
				ENABLE_STRICT_OBJC_MSGSEND = YES;
				ENABLE_TESTABILITY = YES;
				GCC_C_LANGUAGE_STANDARD = gnu99;
				GCC_DYNAMIC_NO_PIC = NO;
				GCC_NO_COMMON_BLOCKS = YES;
				GCC_OPTIMIZATION_LEVEL = 0;
				GCC_PREPROCESSOR_DEFINITIONS = (
					"DEBUG=1",
					"$(inherited)",
				);
				GCC_WARN_64_TO_32_BIT_CONVERSION = YES;
				GCC_WARN_ABOUT_RETURN_TYPE = YES_ERROR;
				GCC_WARN_UNDECLARED_SELECTOR = YES;
				GCC_WARN_UNINITIALIZED_AUTOS = YES_AGGRESSIVE;
				GCC_WARN_UNUSED_FUNCTION = YES;
				GCC_WARN_UNUSED_VARIABLE = YES;
				IPHONEOS_DEPLOYMENT_TARGET = 10.2;
				MTL_ENABLE_DEBUG_INFO = YES;
				ONLY_ACTIVE_ARCH = YES;
				SDKROOT = iphoneos;
				SWIFT_ACTIVE_COMPILATION_CONDITIONS = DEBUG;
				SWIFT_OPTIMIZATION_LEVEL = "-Onone";
				TARGETED_DEVICE_FAMILY = "1,2";
			};
			name = Debug;
		};
		2071F5251E7AEE3800E2CE4F /* Release */ = {
			isa = XCBuildConfiguration;
			buildSettings = {
				ALWAYS_SEARCH_USER_PATHS = NO;
				CLANG_ANALYZER_NONNULL = YES;
				CLANG_CXX_LANGUAGE_STANDARD = "gnu++0x";
				CLANG_CXX_LIBRARY = "libc++";
				CLANG_ENABLE_MODULES = YES;
				CLANG_ENABLE_OBJC_ARC = YES;
				CLANG_WARN_BOOL_CONVERSION = YES;
				CLANG_WARN_CONSTANT_CONVERSION = YES;
				CLANG_WARN_DIRECT_OBJC_ISA_USAGE = YES_ERROR;
				CLANG_WARN_DOCUMENTATION_COMMENTS = YES;
				CLANG_WARN_EMPTY_BODY = YES;
				CLANG_WARN_ENUM_CONVERSION = YES;
				CLANG_WARN_INFINITE_RECURSION = YES;
				CLANG_WARN_INT_CONVERSION = YES;
				CLANG_WARN_OBJC_ROOT_CLASS = YES_ERROR;
				CLANG_WARN_SUSPICIOUS_MOVE = YES;
				CLANG_WARN_UNREACHABLE_CODE = YES;
				CLANG_WARN__DUPLICATE_METHOD_MATCH = YES;
				"CODE_SIGN_IDENTITY[sdk=iphoneos*]" = "iPhone Developer";
				COPY_PHASE_STRIP = NO;
				DEBUG_INFORMATION_FORMAT = "dwarf-with-dsym";
				ENABLE_NS_ASSERTIONS = NO;
				ENABLE_STRICT_OBJC_MSGSEND = YES;
				GCC_C_LANGUAGE_STANDARD = gnu99;
				GCC_NO_COMMON_BLOCKS = YES;
				GCC_WARN_64_TO_32_BIT_CONVERSION = YES;
				GCC_WARN_ABOUT_RETURN_TYPE = YES_ERROR;
				GCC_WARN_UNDECLARED_SELECTOR = YES;
				GCC_WARN_UNINITIALIZED_AUTOS = YES_AGGRESSIVE;
				GCC_WARN_UNUSED_FUNCTION = YES;
				GCC_WARN_UNUSED_VARIABLE = YES;
				IPHONEOS_DEPLOYMENT_TARGET = 10.2;
				MTL_ENABLE_DEBUG_INFO = NO;
				SDKROOT = iphoneos;
				SWIFT_OPTIMIZATION_LEVEL = "-Owholemodule";
				TARGETED_DEVICE_FAMILY = "1,2";
				VALIDATE_PRODUCT = YES;
			};
			name = Release;
		};
		2071F5271E7AEE3800E2CE4F /* Debug */ = {
			isa = XCBuildConfiguration;
			buildSettings = {
				ASSETCATALOG_COMPILER_APPICON_NAME = AppIcon;
				INFOPLIST_FILE = TravelMinion/Info.plist;
				LD_RUNPATH_SEARCH_PATHS = "$(inherited) @executable_path/Frameworks";
				PRODUCT_BUNDLE_IDENTIFIER = com.TravelCo.TravelMinion;
				PRODUCT_NAME = "$(TARGET_NAME)";
				SWIFT_VERSION = 3.0;
			};
			name = Debug;
		};
		2071F5281E7AEE3800E2CE4F /* Release */ = {
			isa = XCBuildConfiguration;
			buildSettings = {
				ASSETCATALOG_COMPILER_APPICON_NAME = AppIcon;
				INFOPLIST_FILE = TravelMinion/Info.plist;
				LD_RUNPATH_SEARCH_PATHS = "$(inherited) @executable_path/Frameworks";
				PRODUCT_BUNDLE_IDENTIFIER = com.TravelCo.TravelMinion;
				PRODUCT_NAME = "$(TARGET_NAME)";
				SWIFT_VERSION = 3.0;
			};
			name = Release;
		};
		2071F52A1E7AEE3800E2CE4F /* Debug */ = {
			isa = XCBuildConfiguration;
			buildSettings = {
				ALWAYS_EMBED_SWIFT_STANDARD_LIBRARIES = YES;
				BUNDLE_LOADER = "$(TEST_HOST)";
				INFOPLIST_FILE = TravelMinionTests/Info.plist;
				LD_RUNPATH_SEARCH_PATHS = "$(inherited) @executable_path/Frameworks @loader_path/Frameworks";
				PRODUCT_BUNDLE_IDENTIFIER = com.TravelCo.TravelMinionTests;
				PRODUCT_NAME = "$(TARGET_NAME)";
				SWIFT_VERSION = 3.0;
				TEST_HOST = "$(BUILT_PRODUCTS_DIR)/TravelMinion.app/TravelMinion";
			};
			name = Debug;
		};
		2071F52B1E7AEE3800E2CE4F /* Release */ = {
			isa = XCBuildConfiguration;
			buildSettings = {
				ALWAYS_EMBED_SWIFT_STANDARD_LIBRARIES = YES;
				BUNDLE_LOADER = "$(TEST_HOST)";
				INFOPLIST_FILE = TravelMinionTests/Info.plist;
				LD_RUNPATH_SEARCH_PATHS = "$(inherited) @executable_path/Frameworks @loader_path/Frameworks";
				PRODUCT_BUNDLE_IDENTIFIER = com.TravelCo.TravelMinionTests;
				PRODUCT_NAME = "$(TARGET_NAME)";
				SWIFT_VERSION = 3.0;
				TEST_HOST = "$(BUILT_PRODUCTS_DIR)/TravelMinion.app/TravelMinion";
			};
			name = Release;
		};
		2071F52D1E7AEE3800E2CE4F /* Debug */ = {
			isa = XCBuildConfiguration;
			buildSettings = {
				ALWAYS_EMBED_SWIFT_STANDARD_LIBRARIES = YES;
				INFOPLIST_FILE = TravelMinionUITests/Info.plist;
				LD_RUNPATH_SEARCH_PATHS = "$(inherited) @executable_path/Frameworks @loader_path/Frameworks";
				PRODUCT_BUNDLE_IDENTIFIER = com.TravelCo.TravelMinionUITests;
				PRODUCT_NAME = "$(TARGET_NAME)";
				SWIFT_VERSION = 3.0;
				TEST_TARGET_NAME = TravelMinion;
			};
			name = Debug;
		};
		2071F52E1E7AEE3800E2CE4F /* Release */ = {
			isa = XCBuildConfiguration;
			buildSettings = {
				ALWAYS_EMBED_SWIFT_STANDARD_LIBRARIES = YES;
				INFOPLIST_FILE = TravelMinionUITests/Info.plist;
				LD_RUNPATH_SEARCH_PATHS = "$(inherited) @executable_path/Frameworks @loader_path/Frameworks";
				PRODUCT_BUNDLE_IDENTIFIER = com.TravelCo.TravelMinionUITests;
				PRODUCT_NAME = "$(TARGET_NAME)";
				SWIFT_VERSION = 3.0;
				TEST_TARGET_NAME = TravelMinion;
			};
			name = Release;
		};
/* End XCBuildConfiguration section */

/* Begin XCConfigurationList section */
		2071F4F61E7AEE3800E2CE4F /* Build configuration list for PBXProject "TravelMinion" */ = {
			isa = XCConfigurationList;
			buildConfigurations = (
				2071F5241E7AEE3800E2CE4F /* Debug */,
				2071F5251E7AEE3800E2CE4F /* Release */,
			);
			defaultConfigurationIsVisible = 0;
			defaultConfigurationName = Release;
		};
		2071F5261E7AEE3800E2CE4F /* Build configuration list for PBXNativeTarget "TravelMinion" */ = {
			isa = XCConfigurationList;
			buildConfigurations = (
				2071F5271E7AEE3800E2CE4F /* Debug */,
				2071F5281E7AEE3800E2CE4F /* Release */,
			);
			defaultConfigurationIsVisible = 0;
		};
		2071F5291E7AEE3800E2CE4F /* Build configuration list for PBXNativeTarget "TravelMinionTests" */ = {
			isa = XCConfigurationList;
			buildConfigurations = (
				2071F52A1E7AEE3800E2CE4F /* Debug */,
				2071F52B1E7AEE3800E2CE4F /* Release */,
			);
			defaultConfigurationIsVisible = 0;
		};
		2071F52C1E7AEE3800E2CE4F /* Build configuration list for PBXNativeTarget "TravelMinionUITests" */ = {
			isa = XCConfigurationList;
			buildConfigurations = (
				2071F52D1E7AEE3800E2CE4F /* Debug */,
				2071F52E1E7AEE3800E2CE4F /* Release */,
			);
			defaultConfigurationIsVisible = 0;
		};
/* End XCConfigurationList section */

/* Begin XCVersionGroup section */
		2071F5051E7AEE3800E2CE4F /* TravelMinion.xcdatamodeld */ = {
			isa = XCVersionGroup;
			children = (
				2071F5061E7AEE3800E2CE4F /* TravelMinion.xcdatamodel */,
			);
			currentVersion = 2071F5061E7AEE3800E2CE4F /* TravelMinion.xcdatamodel */;
			path = TravelMinion.xcdatamodeld;
			sourceTree = "<group>";
			versionGroupType = wrapper.xcdatamodel;
		};
/* End XCVersionGroup section */
	};
	rootObject = 2071F4F31E7AEE3800E2CE4F /* Project object */;
}
